
Microsoft Visual Studio Solution File, Format Version 12.00
# Visual Studio Version 17
VisualStudioVersion = 17.3.32922.545
MinimumVisualStudioVersion = 10.0.40219.1
Project("{FAE04EC0-301F-11D3-BF4B-00C04F79EFBC}") = "Завдання 3", "Завдання 3.csproj", "{5C25D8DA-1CC0-413E-9A5F-8C9254978993}"
EndProject
Global
	GlobalSection(SolutionConfigurationPlatforms) = preSolution
		Debug|Any CPU = Debug|Any CPU
		Release|Any CPU = Release|Any CPU
	EndGlobalSection
	GlobalSection(ProjectConfigurationPlatforms) = postSolution
		{5C25D8DA-1CC0-413E-9A5F-8C9254978993}.Debug|Any CPU.ActiveCfg = Debug|Any CPU
		{5C25D8DA-1CC0-413E-9A5F-8C9254978993}.Debug|Any CPU.Build.0 = Debug|Any CPU
		{5C25D8DA-1CC0-413E-9A5F-8C9254978993}.Release|Any CPU.ActiveCfg = Release|Any CPU
		{5C25D8DA-1CC0-413E-9A5F-8C9254978993}.Release|Any CPU.Build.0 = Release|Any CPU
	EndGlobalSection
	GlobalSection(SolutionProperties) = preSolution
		HideSolutionNode = FALSE
	EndGlobalSection
	GlobalSection(ExtensibilityGlobals) = postSolution
		SolutionGuid = {73A0C80A-ECAC-4CFD-9FCF-52C217B31D0D}
	EndGlobalSection
EndGlobal
