
Microsoft Visual Studio Solution File, Format Version 12.00
# Visual Studio Version 17
VisualStudioVersion = 17.3.32922.545
MinimumVisualStudioVersion = 10.0.40219.1
Project("{FAE04EC0-301F-11D3-BF4B-00C04F79EFBC}") = "Завдання 2", "Завдання 2.csproj", "{D1A43403-7291-4282-AC99-BFA1BC5B2860}"
EndProject
Global
	GlobalSection(SolutionConfigurationPlatforms) = preSolution
		Debug|Any CPU = Debug|Any CPU
		Release|Any CPU = Release|Any CPU
	EndGlobalSection
	GlobalSection(ProjectConfigurationPlatforms) = postSolution
		{D1A43403-7291-4282-AC99-BFA1BC5B2860}.Debug|Any CPU.ActiveCfg = Debug|Any CPU
		{D1A43403-7291-4282-AC99-BFA1BC5B2860}.Debug|Any CPU.Build.0 = Debug|Any CPU
		{D1A43403-7291-4282-AC99-BFA1BC5B2860}.Release|Any CPU.ActiveCfg = Release|Any CPU
		{D1A43403-7291-4282-AC99-BFA1BC5B2860}.Release|Any CPU.Build.0 = Release|Any CPU
	EndGlobalSection
	GlobalSection(SolutionProperties) = preSolution
		HideSolutionNode = FALSE
	EndGlobalSection
	GlobalSection(ExtensibilityGlobals) = postSolution
		SolutionGuid = {9A1A0706-A08E-4678-B4C7-E048A9AA24C7}
	EndGlobalSection
EndGlobal
